
Microsoft Visual Studio Solution File, Format Version 12.00
# Visual Studio Version 17
VisualStudioVersion = 17.4.33213.308
MinimumVisualStudioVersion = 10.0.40219.1
Project("{FAE04EC0-301F-11D3-BF4B-00C04F79EFBC}") = "RockPaperScissors", "RockPaperScissors\RockPaperScissors.csproj", "{66FDBE37-2A38-4837-9FD4-424FE4053428}"
EndProject
Global
	GlobalSection(SolutionConfigurationPlatforms) = preSolution
		Debug|Any CPU = Debug|Any CPU
		Release|Any CPU = Release|Any CPU
	EndGlobalSection
	GlobalSection(ProjectConfigurationPlatforms) = postSolution
		{66FDBE37-2A38-4837-9FD4-424FE4053428}.Debug|Any CPU.ActiveCfg = Debug|Any CPU
		{66FDBE37-2A38-4837-9FD4-424FE4053428}.Debug|Any CPU.Build.0 = Debug|Any CPU
		{66FDBE37-2A38-4837-9FD4-424FE4053428}.Release|Any CPU.ActiveCfg = Release|Any CPU
		{66FDBE37-2A38-4837-9FD4-424FE4053428}.Release|Any CPU.Build.0 = Release|Any CPU
	EndGlobalSection
	GlobalSection(SolutionProperties) = preSolution
		HideSolutionNode = FALSE
	EndGlobalSection
	GlobalSection(ExtensibilityGlobals) = postSolution
		SolutionGuid = {8CB6356B-9415-4F81-A612-A0C443ABE91D}
	EndGlobalSection
EndGlobal
